# This file is automatically @generated by Cargo.
# It is not intended for manual editing.
version = 4

[[package]]
name = "clipnest-contracts"
version = "0.1.0"

[[package]]
name = "clipnest-core"
version = "0.1.0"

[[package]]
name = "clipnest-platform-macos"
version = "0.1.0"

[[package]]
name = "clipnest-platform-windows"
version = "0.1.0"
